// !$*UTF8*$!
{
	archiveVersion = 1;
	classes = {
	};
	objectVersion = 77;
	objects = {

/* Begin PBXContainerItemProxy section */
		984915362D91BC4C00F541EE /* PBXContainerItemProxy */ = {
			isa = PBXContainerItemProxy;
			containerPortal = 9849151C2D91BC4A00F541EE /* Project object */;
			proxyType = 1;
			remoteGlobalIDString = 984915232D91BC4A00F541EE;
			remoteInfo = testJOH4;
		};
		984915402D91BC4C00F541EE /* PBXContainerItemProxy */ = {
			isa = PBXContainerItemProxy;
			containerPortal = 9849151C2D91BC4A00F541EE /* Project object */;
			proxyType = 1;
			remoteGlobalIDString = 984915232D91BC4A00F541EE;
			remoteInfo = testJOH4;
		};
/* End PBXContainerItemProxy section */

/* Begin PBXFileReference section */
		984915242D91BC4A00F541EE /* testJOH4.app */ = {isa = PBXFileReference; explicitFileType = wrapper.application; includeInIndex = 0; path = testJOH4.app; sourceTree = BUILT_PRODUCTS_DIR; };
		984915352D91BC4C00F541EE /* testJOH4Tests.xctest */ = {isa = PBXFileReference; explicitFileType = wrapper.cfbundle; includeInIndex = 0; path = testJOH4Tests.xctest; sourceTree = BUILT_PRODUCTS_DIR; };
		9849153F2D91BC4C00F541EE /* testJOH4UITests.xctest */ = {isa = PBXFileReference; explicitFileType = wrapper.cfbundle; includeInIndex = 0; path = testJOH4UITests.xctest; sourceTree = BUILT_PRODUCTS_DIR; };
/* End PBXFileReference section */

/* Begin PBXFileSystemSynchronizedRootGroup section */
		984915262D91BC4A00F541EE /* testJOH4 */ = {
			isa = PBXFileSystemSynchronizedRootGroup;
			path = testJOH4;
			sourceTree = "<group>";
		};
		984915382D91BC4C00F541EE /* testJOH4Tests */ = {
			isa = PBXFileSystemSynchronizedRootGroup;
			path = testJOH4Tests;
			sourceTree = "<group>";
		};
		984915422D91BC4C00F541EE /* testJOH4UITests */ = {
			isa = PBXFileSystemSynchronizedRootGroup;
			path = testJOH4UITests;
			sourceTree = "<group>";
		};
/* End PBXFileSystemSynchronizedRootGroup section */

/* Begin PBXFrameworksBuildPhase section */
		984915212D91BC4A00F541EE /* Frameworks */ = {
			isa = PBXFrameworksBuildPhase;
			buildActionMask = 2147483647;
			files = (
			);
			runOnlyForDeploymentPostprocessing = 0;
		};
		984915322D91BC4C00F541EE /* Frameworks */ = {
			isa = PBXFrameworksBuildPhase;
			buildActionMask = 2147483647;
			files = (
			);
			runOnlyForDeploymentPostprocessing = 0;
		};
		9849153C2D91BC4C00F541EE /* Frameworks */ = {
			isa = PBXFrameworksBuildPhase;
			buildActionMask = 2147483647;
			files = (
			);
			runOnlyForDeploymentPostprocessing = 0;
		};
/* End PBXFrameworksBuildPhase section */

/* Begin PBXGroup section */
		9849151B2D91BC4A00F541EE = {
			isa = PBXGroup;
			children = (
				984915262D91BC4A00F541EE /* testJOH4 */,
				984915382D91BC4C00F541EE /* testJOH4Tests */,
				984915422D91BC4C00F541EE /* testJOH4UITests */,
				984915252D91BC4A00F541EE /* Products */,
			);
			sourceTree = "<group>";
		};
		984915252D91BC4A00F541EE /* Products */ = {
			isa = PBXGroup;
			children = (
				984915242D91BC4A00F541EE /* testJOH4.app */,
				984915352D91BC4C00F541EE /* testJOH4Tests.xctest */,
				9849153F2D91BC4C00F541EE /* testJOH4UITests.xctest */,
			);
			name = Products;
			sourceTree = "<group>";
		};
/* End PBXGroup section */

/* Begin PBXNativeTarget section */
		984915232D91BC4A00F541EE /* testJOH4 */ = {
			isa = PBXNativeTarget;
			buildConfigurationList = 984915492D91BC4C00F541EE /* Build configuration list for PBXNativeTarget "testJOH4" */;
			buildPhases = (
				984915202D91BC4A00F541EE /* Sources */,
				984915212D91BC4A00F541EE /* Frameworks */,
				984915222D91BC4A00F541EE /* Resources */,
			);
			buildRules = (
			);
			dependencies = (
			);
			fileSystemSynchronizedGroups = (
				984915262D91BC4A00F541EE /* testJOH4 */,
			);
			name = testJOH4;
			packageProductDependencies = (
			);
			productName = testJOH4;
			productReference = 984915242D91BC4A00F541EE /* testJOH4.app */;
			productType = "com.apple.product-type.application";
		};
		984915342D91BC4C00F541EE /* testJOH4Tests */ = {
			isa = PBXNativeTarget;
			buildConfigurationList = 9849154C2D91BC4C00F541EE /* Build configuration list for PBXNativeTarget "testJOH4Tests" */;
			buildPhases = (
				984915312D91BC4C00F541EE /* Sources */,
				984915322D91BC4C00F541EE /* Frameworks */,
				984915332D91BC4C00F541EE /* Resources */,
			);
			buildRules = (
			);
			dependencies = (
				984915372D91BC4C00F541EE /* PBXTargetDependency */,
			);
			fileSystemSynchronizedGroups = (
				984915382D91BC4C00F541EE /* testJOH4Tests */,
			);
			name = testJOH4Tests;
			packageProductDependencies = (
			);
			productName = testJOH4Tests;
			productReference = 984915352D91BC4C00F541EE /* testJOH4Tests.xctest */;
			productType = "com.apple.product-type.bundle.unit-test";
		};
		9849153E2D91BC4C00F541EE /* testJOH4UITests */ = {
			isa = PBXNativeTarget;
			buildConfigurationList = 9849154F2D91BC4C00F541EE /* Build configuration list for PBXNativeTarget "testJOH4UITests" */;
			buildPhases = (
				9849153B2D91BC4C00F541EE /* Sources */,
				9849153C2D91BC4C00F541EE /* Frameworks */,
				9849153D2D91BC4C00F541EE /* Resources */,
			);
			buildRules = (
			);
			dependencies = (
				984915412D91BC4C00F541EE /* PBXTargetDependency */,
			);
			fileSystemSynchronizedGroups = (
				984915422D91BC4C00F541EE /* testJOH4UITests */,
			);
			name = testJOH4UITests;
			packageProductDependencies = (
			);
			productName = testJOH4UITests;
			productReference = 9849153F2D91BC4C00F541EE /* testJOH4UITests.xctest */;
			productType = "com.apple.product-type.bundle.ui-testing";
		};
/* End PBXNativeTarget section */

/* Begin PBXProject section */
		9849151C2D91BC4A00F541EE /* Project object */ = {
			isa = PBXProject;
			attributes = {
				BuildIndependentTargetsInParallel = 1;
				LastSwiftUpdateCheck = 1620;
				LastUpgradeCheck = 1620;
				TargetAttributes = {
					984915232D91BC4A00F541EE = {
						CreatedOnToolsVersion = 16.2;
					};
					984915342D91BC4C00F541EE = {
						CreatedOnToolsVersion = 16.2;
						TestTargetID = 984915232D91BC4A00F541EE;
					};
					9849153E2D91BC4C00F541EE = {
						CreatedOnToolsVersion = 16.2;
						TestTargetID = 984915232D91BC4A00F541EE;
					};
				};
			};
			buildConfigurationList = 9849151F2D91BC4A00F541EE /* Build configuration list for PBXProject "testJOH4" */;
			developmentRegion = en;
			hasScannedForEncodings = 0;
			knownRegions = (
				en,
				Base,
			);
			mainGroup = 9849151B2D91BC4A00F541EE;
			minimizedProjectReferenceProxies = 1;
			preferredProjectObjectVersion = 77;
			productRefGroup = 984915252D91BC4A00F541EE /* Products */;
			projectDirPath = "";
			projectRoot = "";
			targets = (
				984915232D91BC4A00F541EE /* testJOH4 */,
				984915342D91BC4C00F541EE /* testJOH4Tests */,
				9849153E2D91BC4C00F541EE /* testJOH4UITests */,
			);
		};
/* End PBXProject section */

/* Begin PBXResourcesBuildPhase section */
		984915222D91BC4A00F541EE /* Resources */ = {
			isa = PBXResourcesBuildPhase;
			buildActionMask = 2147483647;
			files = (
			);
			runOnlyForDeploymentPostprocessing = 0;
		};
		984915332D91BC4C00F541EE /* Resources */ = {
			isa = PBXResourcesBuildPhase;
			buildActionMask = 2147483647;
			files = (
			);
			runOnlyForDeploymentPostprocessing = 0;
		};
		9849153D2D91BC4C00F541EE /* Resources */ = {
			isa = PBXResourcesBuildPhase;
			buildActionMask = 2147483647;
			files = (
			);
			runOnlyForDeploymentPostprocessing = 0;
		};
/* End PBXResourcesBuildPhase section */

/* Begin PBXSourcesBuildPhase section */
		984915202D91BC4A00F541EE /* Sources */ = {
			isa = PBXSourcesBuildPhase;
			buildActionMask = 2147483647;
			files = (
			);
			runOnlyForDeploymentPostprocessing = 0;
		};
		984915312D91BC4C00F541EE /* Sources */ = {
			isa = PBXSourcesBuildPhase;
			buildActionMask = 2147483647;
			files = (
			);
			runOnlyForDeploymentPostprocessing = 0;
		};
		9849153B2D91BC4C00F541EE /* Sources */ = {
			isa = PBXSourcesBuildPhase;
			buildActionMask = 2147483647;
			files = (
			);
			runOnlyForDeploymentPostprocessing = 0;
		};
/* End PBXSourcesBuildPhase section */

/* Begin PBXTargetDependency section */
		984915372D91BC4C00F541EE /* PBXTargetDependency */ = {
			isa = PBXTargetDependency;
			target = 984915232D91BC4A00F541EE /* testJOH4 */;
			targetProxy = 984915362D91BC4C00F541EE /* PBXContainerItemProxy */;
		};
		984915412D91BC4C00F541EE /* PBXTargetDependency */ = {
			isa = PBXTargetDependency;
			target = 984915232D91BC4A00F541EE /* testJOH4 */;
			targetProxy = 984915402D91BC4C00F541EE /* PBXContainerItemProxy */;
		};
/* End PBXTargetDependency section */

/* Begin XCBuildConfiguration section */
		984915472D91BC4C00F541EE /* Debug */ = {
			isa = XCBuildConfiguration;
			buildSettings = {
				ALWAYS_SEARCH_USER_PATHS = NO;
				ASSETCATALOG_COMPILER_GENERATE_SWIFT_ASSET_SYMBOL_EXTENSIONS = YES;
				CLANG_ANALYZER_NONNULL = YES;
				CLANG_ANALYZER_NUMBER_OBJECT_CONVERSION = YES_AGGRESSIVE;
				CLANG_CXX_LANGUAGE_STANDARD = "gnu++20";
				CLANG_ENABLE_MODULES = YES;
				CLANG_ENABLE_OBJC_ARC = YES;
				CLANG_ENABLE_OBJC_WEAK = YES;
				CLANG_WARN_BLOCK_CAPTURE_AUTORELEASING = YES;
				CLANG_WARN_BOOL_CONVERSION = YES;
				CLANG_WARN_COMMA = YES;
				CLANG_WARN_CONSTANT_CONVERSION = YES;
				CLANG_WARN_DEPRECATED_OBJC_IMPLEMENTATIONS = YES;
				CLANG_WARN_DIRECT_OBJC_ISA_USAGE = YES_ERROR;
				CLANG_WARN_DOCUMENTATION_COMMENTS = YES;
				CLANG_WARN_EMPTY_BODY = YES;
				CLANG_WARN_ENUM_CONVERSION = YES;
				CLANG_WARN_INFINITE_RECURSION = YES;
				CLANG_WARN_INT_CONVERSION = YES;
				CLANG_WARN_NON_LITERAL_NULL_CONVERSION = YES;
				CLANG_WARN_OBJC_IMPLICIT_RETAIN_SELF = YES;
				CLANG_WARN_OBJC_LITERAL_CONVERSION = YES;
				CLANG_WARN_OBJC_ROOT_CLASS = YES_ERROR;
				CLANG_WARN_QUOTED_INCLUDE_IN_FRAMEWORK_HEADER = YES;
				CLANG_WARN_RANGE_LOOP_ANALYSIS = YES;
				CLANG_WARN_STRICT_PROTOTYPES = YES;
				CLANG_WARN_SUSPICIOUS_MOVE = YES;
				CLANG_WARN_UNGUARDED_AVAILABILITY = YES_AGGRESSIVE;
				CLANG_WARN_UNREACHABLE_CODE = YES;
				CLANG_WARN__DUPLICATE_METHOD_MATCH = YES;
				COPY_PHASE_STRIP = NO;
				DEBUG_INFORMATION_FORMAT = dwarf;
				ENABLE_STRICT_OBJC_MSGSEND = YES;
				ENABLE_TESTABILITY = YES;
				ENABLE_USER_SCRIPT_SANDBOXING = YES;
				GCC_C_LANGUAGE_STANDARD = gnu17;
				GCC_DYNAMIC_NO_PIC = NO;
				GCC_NO_COMMON_BLOCKS = YES;
				GCC_OPTIMIZATION_LEVEL = 0;
				GCC_PREPROCESSOR_DEFINITIONS = (
					"DEBUG=1",
					"$(inherited)",
				);
				GCC_WARN_64_TO_32_BIT_CONVERSION = YES;
				GCC_WARN_ABOUT_RETURN_TYPE = YES_ERROR;
				GCC_WARN_UNDECLARED_SELECTOR = YES;
				GCC_WARN_UNINITIALIZED_AUTOS = YES_AGGRESSIVE;
				GCC_WARN_UNUSED_FUNCTION = YES;
				GCC_WARN_UNUSED_VARIABLE = YES;
				LOCALIZATION_PREFERS_STRING_CATALOGS = YES;
				MACOSX_DEPLOYMENT_TARGET = 15.1;
				MTL_ENABLE_DEBUG_INFO = INCLUDE_SOURCE;
				MTL_FAST_MATH = YES;
				ONLY_ACTIVE_ARCH = YES;
				SDKROOT = macosx;
				SWIFT_ACTIVE_COMPILATION_CONDITIONS = "DEBUG $(inherited)";
				SWIFT_OPTIMIZATION_LEVEL = "-Onone";
			};
			name = Debug;
		};
		984915482D91BC4C00F541EE /* Release */ = {
			isa = XCBuildConfiguration;
			buildSettings = {
				ALWAYS_SEARCH_USER_PATHS = NO;
				ASSETCATALOG_COMPILER_GENERATE_SWIFT_ASSET_SYMBOL_EXTENSIONS = YES;
				CLANG_ANALYZER_NONNULL = YES;
				CLANG_ANALYZER_NUMBER_OBJECT_CONVERSION = YES_AGGRESSIVE;
				CLANG_CXX_LANGUAGE_STANDARD = "gnu++20";
				CLANG_ENABLE_MODULES = YES;
				CLANG_ENABLE_OBJC_ARC = YES;
				CLANG_ENABLE_OBJC_WEAK = YES;
				CLANG_WARN_BLOCK_CAPTURE_AUTORELEASING = YES;
				CLANG_WARN_BOOL_CONVERSION = YES;
				CLANG_WARN_COMMA = YES;
				CLANG_WARN_CONSTANT_CONVERSION = YES;
				CLANG_WARN_DEPRECATED_OBJC_IMPLEMENTATIONS = YES;
				CLANG_WARN_DIRECT_OBJC_ISA_USAGE = YES_ERROR;
				CLANG_WARN_DOCUMENTATION_COMMENTS = YES;
				CLANG_WARN_EMPTY_BODY = YES;
				CLANG_WARN_ENUM_CONVERSION = YES;
				CLANG_WARN_INFINITE_RECURSION = YES;
				CLANG_WARN_INT_CONVERSION = YES;
				CLANG_WARN_NON_LITERAL_NULL_CONVERSION = YES;
				CLANG_WARN_OBJC_IMPLICIT_RETAIN_SELF = YES;
				CLANG_WARN_OBJC_LITERAL_CONVERSION = YES;
				CLANG_WARN_OBJC_ROOT_CLASS = YES_ERROR;
				CLANG_WARN_QUOTED_INCLUDE_IN_FRAMEWORK_HEADER = YES;
				CLANG_WARN_RANGE_LOOP_ANALYSIS = YES;
				CLANG_WARN_STRICT_PROTOTYPES = YES;
				CLANG_WARN_SUSPICIOUS_MOVE = YES;
				CLANG_WARN_UNGUARDED_AVAILABILITY = YES_AGGRESSIVE;
				CLANG_WARN_UNREACHABLE_CODE = YES;
				CLANG_WARN__DUPLICATE_METHOD_MATCH = YES;
				COPY_PHASE_STRIP = NO;
				DEBUG_INFORMATION_FORMAT = "dwarf-with-dsym";
				ENABLE_NS_ASSERTIONS = NO;
				ENABLE_STRICT_OBJC_MSGSEND = YES;
				ENABLE_USER_SCRIPT_SANDBOXING = YES;
				GCC_C_LANGUAGE_STANDARD = gnu17;
				GCC_NO_COMMON_BLOCKS = YES;
				GCC_WARN_64_TO_32_BIT_CONVERSION = YES;
				GCC_WARN_ABOUT_RETURN_TYPE = YES_ERROR;
				GCC_WARN_UNDECLARED_SELECTOR = YES;
				GCC_WARN_UNINITIALIZED_AUTOS = YES_AGGRESSIVE;
				GCC_WARN_UNUSED_FUNCTION = YES;
				GCC_WARN_UNUSED_VARIABLE = YES;
				LOCALIZATION_PREFERS_STRING_CATALOGS = YES;
				MACOSX_DEPLOYMENT_TARGET = 15.1;
				MTL_ENABLE_DEBUG_INFO = NO;
				MTL_FAST_MATH = YES;
				SDKROOT = macosx;
				SWIFT_COMPILATION_MODE = wholemodule;
			};
			name = Release;
		};
		9849154A2D91BC4C00F541EE /* Debug */ = {
			isa = XCBuildConfiguration;
			buildSettings = {
				ASSETCATALOG_COMPILER_APPICON_NAME = AppIcon;
				ASSETCATALOG_COMPILER_GLOBAL_ACCENT_COLOR_NAME = AccentColor;
				CODE_SIGN_ENTITLEMENTS = testJOH4/testJOH4.entitlements;
				CODE_SIGN_STYLE = Automatic;
				COMBINE_HIDPI_IMAGES = YES;
				CURRENT_PROJECT_VERSION = 1;
				DEVELOPMENT_ASSET_PATHS = "\"testJOH4/Preview Content\"";
				DEVELOPMENT_TEAM = N2XA8D9558;
				ENABLE_HARDENED_RUNTIME = YES;
				ENABLE_PREVIEWS = YES;
				GENERATE_INFOPLIST_FILE = YES;
				INFOPLIST_KEY_NSHumanReadableCopyright = "";
				LD_RUNPATH_SEARCH_PATHS = (
					"$(inherited)",
					"@executable_path/../Frameworks",
				);
				MARKETING_VERSION = 1.0;
				PRODUCT_BUNDLE_IDENTIFIER = joh.testJOH4;
				PRODUCT_NAME = "$(TARGET_NAME)";
				SWIFT_EMIT_LOC_STRINGS = YES;
				SWIFT_VERSION = 5.0;
			};
			name = Debug;
		};
		9849154B2D91BC4C00F541EE /* Release */ = {
			isa = XCBuildConfiguration;
			buildSettings = {
				ASSETCATALOG_COMPILER_APPICON_NAME = AppIcon;
				ASSETCATALOG_COMPILER_GLOBAL_ACCENT_COLOR_NAME = AccentColor;
				CODE_SIGN_ENTITLEMENTS = testJOH4/testJOH4.entitlements;
				CODE_SIGN_STYLE = Automatic;
				COMBINE_HIDPI_IMAGES = YES;
				CURRENT_PROJECT_VERSION = 1;
				DEVELOPMENT_ASSET_PATHS = "\"testJOH4/Preview Content\"";
				DEVELOPMENT_TEAM = N2XA8D9558;
				ENABLE_HARDENED_RUNTIME = YES;
				ENABLE_PREVIEWS = YES;
				GENERATE_INFOPLIST_FILE = YES;
				INFOPLIST_KEY_NSHumanReadableCopyright = "";
				LD_RUNPATH_SEARCH_PATHS = (
					"$(inherited)",
					"@executable_path/../Frameworks",
				);
				MARKETING_VERSION = 1.0;
				PRODUCT_BUNDLE_IDENTIFIER = joh.testJOH4;
				PRODUCT_NAME = "$(TARGET_NAME)";
				SWIFT_EMIT_LOC_STRINGS = YES;
				SWIFT_VERSION = 5.0;
			};
			name = Release;
		};
		9849154D2D91BC4C00F541EE /* Debug */ = {
			isa = XCBuildConfiguration;
			buildSettings = {
				BUNDLE_LOADER = "$(TEST_HOST)";
				CODE_SIGN_STYLE = Automatic;
				CURRENT_PROJECT_VERSION = 1;
				DEVELOPMENT_TEAM = N2XA8D9558;
				GENERATE_INFOPLIST_FILE = YES;
				MACOSX_DEPLOYMENT_TARGET = 15.1;
				MARKETING_VERSION = 1.0;
				PRODUCT_BUNDLE_IDENTIFIER = joh.testJOH4Tests;
				PRODUCT_NAME = "$(TARGET_NAME)";
				SWIFT_EMIT_LOC_STRINGS = NO;
				SWIFT_VERSION = 5.0;
				TEST_HOST = "$(BUILT_PRODUCTS_DIR)/testJOH4.app/$(BUNDLE_EXECUTABLE_FOLDER_PATH)/testJOH4";
			};
			name = Debug;
		};
		9849154E2D91BC4C00F541EE /* Release */ = {
			isa = XCBuildConfiguration;
			buildSettings = {
				BUNDLE_LOADER = "$(TEST_HOST)";
				CODE_SIGN_STYLE = Automatic;
				CURRENT_PROJECT_VERSION = 1;
				DEVELOPMENT_TEAM = N2XA8D9558;
				GENERATE_INFOPLIST_FILE = YES;
				MACOSX_DEPLOYMENT_TARGET = 15.1;
				MARKETING_VERSION = 1.0;
				PRODUCT_BUNDLE_IDENTIFIER = joh.testJOH4Tests;
				PRODUCT_NAME = "$(TARGET_NAME)";
				SWIFT_EMIT_LOC_STRINGS = NO;
				SWIFT_VERSION = 5.0;
				TEST_HOST = "$(BUILT_PRODUCTS_DIR)/testJOH4.app/$(BUNDLE_EXECUTABLE_FOLDER_PATH)/testJOH4";
			};
			name = Release;
		};
		984915502D91BC4C00F541EE /* Debug */ = {
			isa = XCBuildConfiguration;
			buildSettings = {
				CODE_SIGN_STYLE = Automatic;
				CURRENT_PROJECT_VERSION = 1;
				DEVELOPMENT_TEAM = N2XA8D9558;
				GENERATE_INFOPLIST_FILE = YES;
				MARKETING_VERSION = 1.0;
				PRODUCT_BUNDLE_IDENTIFIER = joh.testJOH4UITests;
				PRODUCT_NAME = "$(TARGET_NAME)";
				SWIFT_EMIT_LOC_STRINGS = NO;
				SWIFT_VERSION = 5.0;
				TEST_TARGET_NAME = testJOH4;
			};
			name = Debug;
		};
		984915512D91BC4C00F541EE /* Release */ = {
			isa = XCBuildConfiguration;
			buildSettings = {
				CODE_SIGN_STYLE = Automatic;
				CURRENT_PROJECT_VERSION = 1;
				DEVELOPMENT_TEAM = N2XA8D9558;
				GENERATE_INFOPLIST_FILE = YES;
				MARKETING_VERSION = 1.0;
				PRODUCT_BUNDLE_IDENTIFIER = joh.testJOH4UITests;
				PRODUCT_NAME = "$(TARGET_NAME)";
				SWIFT_EMIT_LOC_STRINGS = NO;
				SWIFT_VERSION = 5.0;
				TEST_TARGET_NAME = testJOH4;
			};
			name = Release;
		};
/* End XCBuildConfiguration section */

/* Begin XCConfigurationList section */
		9849151F2D91BC4A00F541EE /* Build configuration list for PBXProject "testJOH4" */ = {
			isa = XCConfigurationList;
			buildConfigurations = (
				984915472D91BC4C00F541EE /* Debug */,
				984915482D91BC4C00F541EE /* Release */,
			);
			defaultConfigurationIsVisible = 0;
			defaultConfigurationName = Release;
		};
		984915492D91BC4C00F541EE /* Build configuration list for PBXNativeTarget "testJOH4" */ = {
			isa = XCConfigurationList;
			buildConfigurations = (
				9849154A2D91BC4C00F541EE /* Debug */,
				9849154B2D91BC4C00F541EE /* Release */,
			);
			defaultConfigurationIsVisible = 0;
			defaultConfigurationName = Release;
		};
		9849154C2D91BC4C00F541EE /* Build configuration list for PBXNativeTarget "testJOH4Tests" */ = {
			isa = XCConfigurationList;
			buildConfigurations = (
				9849154D2D91BC4C00F541EE /* Debug */,
				9849154E2D91BC4C00F541EE /* Release */,
			);
			defaultConfigurationIsVisible = 0;
			defaultConfigurationName = Release;
		};
		9849154F2D91BC4C00F541EE /* Build configuration list for PBXNativeTarget "testJOH4UITests" */ = {
			isa = XCConfigurationList;
			buildConfigurations = (
				984915502D91BC4C00F541EE /* Debug */,
				984915512D91BC4C00F541EE /* Release */,
			);
			defaultConfigurationIsVisible = 0;
			defaultConfigurationName = Release;
		};
/* End XCConfigurationList section */
	};
	rootObject = 9849151C2D91BC4A00F541EE /* Project object */;
}
